// !$*UTF8*$!
{
	archiveVersion = 1;
	classes = {
	};
	objectVersion = 50;
	objects = {

/* Begin PBXBuildFile section */
		B81109E024DC5AEB00CFD7A2 /* main.cpp in Sources */ = {isa = PBXBuildFile; fileRef = B81109DF24DC5AEB00CFD7A2 /* main.cpp */; };
		B811A45824F804C00030DB2B /* main.cpp in Sources */ = {isa = PBXBuildFile; fileRef = B811A45724F804C00030DB2B /* main.cpp */; };
		B8122F8424FD3D0E00AA8C78 /* main.cpp in Sources */ = {isa = PBXBuildFile; fileRef = B8122F8324FD3D0E00AA8C78 /* main.cpp */; };
		B816BA0224F40A710003F3A4 /* main.cpp in Sources */ = {isa = PBXBuildFile; fileRef = B816BA0124F40A710003F3A4 /* main.cpp */; };
		B840098A24E971F400A41325 /* main.cpp in Sources */ = {isa = PBXBuildFile; fileRef = B840098924E971F400A41325 /* main.cpp */; };
		B85FACE324E5942A00804C1C /* main.cpp in Sources */ = {isa = PBXBuildFile; fileRef = B85FACE224E5942A00804C1C /* main.cpp */; };
		B860C28E24E2F0AF00F7E252 /* main.cpp in Sources */ = {isa = PBXBuildFile; fileRef = B860C28D24E2F0AF00F7E252 /* main.cpp */; };
		B86BD56524D59B8D004C3D4D /* main.cpp in Sources */ = {isa = PBXBuildFile; fileRef = B86BD56424D59B8D004C3D4D /* main.cpp */; };
		B86BD56A24D68A83004C3D4D /* math.c in Sources */ = {isa = PBXBuildFile; fileRef = B86BD56924D68A83004C3D4D /* math.c */; };
		B86BD57424D70745004C3D4D /* main.cpp in Sources */ = {isa = PBXBuildFile; fileRef = B86BD57324D70745004C3D4D /* main.cpp */; };
/* End PBXBuildFile section */

/* Begin PBXCopyFilesBuildPhase section */
		B81109DB24DC5AEB00CFD7A2 /* CopyFiles */ = {
			isa = PBXCopyFilesBuildPhase;
			buildActionMask = 2147483647;
			dstPath = /usr/share/man/man1/;
			dstSubfolderSpec = 0;
			files = (
			);
			runOnlyForDeploymentPostprocessing = 1;
		};
		B811A45324F804C00030DB2B /* CopyFiles */ = {
			isa = PBXCopyFilesBuildPhase;
			buildActionMask = 2147483647;
			dstPath = /usr/share/man/man1/;
			dstSubfolderSpec = 0;
			files = (
			);
			runOnlyForDeploymentPostprocessing = 1;
		};
		B8122F7F24FD3D0E00AA8C78 /* CopyFiles */ = {
			isa = PBXCopyFilesBuildPhase;
			buildActionMask = 2147483647;
			dstPath = /usr/share/man/man1/;
			dstSubfolderSpec = 0;
			files = (
			);
			runOnlyForDeploymentPostprocessing = 1;
		};
		B816B9FD24F40A710003F3A4 /* CopyFiles */ = {
			isa = PBXCopyFilesBuildPhase;
			buildActionMask = 2147483647;
			dstPath = /usr/share/man/man1/;
			dstSubfolderSpec = 0;
			files = (
			);
			runOnlyForDeploymentPostprocessing = 1;
		};
		B840098524E971F400A41325 /* CopyFiles */ = {
			isa = PBXCopyFilesBuildPhase;
			buildActionMask = 2147483647;
			dstPath = /usr/share/man/man1/;
			dstSubfolderSpec = 0;
			files = (
			);
			runOnlyForDeploymentPostprocessing = 1;
		};
		B85FACDE24E5942A00804C1C /* CopyFiles */ = {
			isa = PBXCopyFilesBuildPhase;
			buildActionMask = 2147483647;
			dstPath = /usr/share/man/man1/;
			dstSubfolderSpec = 0;
			files = (
			);
			runOnlyForDeploymentPostprocessing = 1;
		};
		B860C28924E2F0AF00F7E252 /* CopyFiles */ = {
			isa = PBXCopyFilesBuildPhase;
			buildActionMask = 2147483647;
			dstPath = /usr/share/man/man1/;
			dstSubfolderSpec = 0;
			files = (
			);
			runOnlyForDeploymentPostprocessing = 1;
		};
		B86BD55224D59B02004C3D4D /* CopyFiles */ = {
			isa = PBXCopyFilesBuildPhase;
			buildActionMask = 2147483647;
			dstPath = /usr/share/man/man1/;
			dstSubfolderSpec = 0;
			files = (
			);
			runOnlyForDeploymentPostprocessing = 1;
		};
		B86BD56024D59B8D004C3D4D /* CopyFiles */ = {
			isa = PBXCopyFilesBuildPhase;
			buildActionMask = 2147483647;
			dstPath = /usr/share/man/man1/;
			dstSubfolderSpec = 0;
			files = (
			);
			runOnlyForDeploymentPostprocessing = 1;
		};
		B86BD56F24D70745004C3D4D /* CopyFiles */ = {
			isa = PBXCopyFilesBuildPhase;
			buildActionMask = 2147483647;
			dstPath = /usr/share/man/man1/;
			dstSubfolderSpec = 0;
			files = (
			);
			runOnlyForDeploymentPostprocessing = 1;
		};
/* End PBXCopyFilesBuildPhase section */

/* Begin PBXFileReference section */
		B81109DD24DC5AEB00CFD7A2 /* day03 */ = {isa = PBXFileReference; explicitFileType = "compiled.mach-o.executable"; includeInIndex = 0; path = day03; sourceTree = BUILT_PRODUCTS_DIR; };
		B81109DF24DC5AEB00CFD7A2 /* main.cpp */ = {isa = PBXFileReference; lastKnownFileType = sourcecode.cpp.cpp; path = main.cpp; sourceTree = "<group>"; };
		B811A45524F804C00030DB2B /* day08 */ = {isa = PBXFileReference; explicitFileType = "compiled.mach-o.executable"; includeInIndex = 0; path = day08; sourceTree = BUILT_PRODUCTS_DIR; };
		B811A45724F804C00030DB2B /* main.cpp */ = {isa = PBXFileReference; lastKnownFileType = sourcecode.cpp.cpp; path = main.cpp; sourceTree = "<group>"; };
		B8122F8124FD3D0E00AA8C78 /* day09 */ = {isa = PBXFileReference; explicitFileType = "compiled.mach-o.executable"; includeInIndex = 0; path = day09; sourceTree = BUILT_PRODUCTS_DIR; };
		B8122F8324FD3D0E00AA8C78 /* main.cpp */ = {isa = PBXFileReference; lastKnownFileType = sourcecode.cpp.cpp; path = main.cpp; sourceTree = "<group>"; };
		B816B9FF24F40A710003F3A4 /* day07 */ = {isa = PBXFileReference; explicitFileType = "compiled.mach-o.executable"; includeInIndex = 0; path = day07; sourceTree = BUILT_PRODUCTS_DIR; };
		B816BA0124F40A710003F3A4 /* main.cpp */ = {isa = PBXFileReference; lastKnownFileType = sourcecode.cpp.cpp; path = main.cpp; sourceTree = "<group>"; };
		B840098724E971F400A41325 /* day06 */ = {isa = PBXFileReference; explicitFileType = "compiled.mach-o.executable"; includeInIndex = 0; path = day06; sourceTree = BUILT_PRODUCTS_DIR; };
		B840098924E971F400A41325 /* main.cpp */ = {isa = PBXFileReference; lastKnownFileType = sourcecode.cpp.cpp; path = main.cpp; sourceTree = "<group>"; };
		B85FACE024E5942A00804C1C /* day05 */ = {isa = PBXFileReference; explicitFileType = "compiled.mach-o.executable"; includeInIndex = 0; path = day05; sourceTree = BUILT_PRODUCTS_DIR; };
		B85FACE224E5942A00804C1C /* main.cpp */ = {isa = PBXFileReference; lastKnownFileType = sourcecode.cpp.cpp; path = main.cpp; sourceTree = "<group>"; };
		B860C28B24E2F0AF00F7E252 /* day04 */ = {isa = PBXFileReference; explicitFileType = "compiled.mach-o.executable"; includeInIndex = 0; path = day04; sourceTree = BUILT_PRODUCTS_DIR; };
		B860C28D24E2F0AF00F7E252 /* main.cpp */ = {isa = PBXFileReference; lastKnownFileType = sourcecode.cpp.cpp; path = main.cpp; sourceTree = "<group>"; };
		B86BD55424D59B02004C3D4D /* c++_step_by_step_2020 */ = {isa = PBXFileReference; explicitFileType = "compiled.mach-o.executable"; includeInIndex = 0; path = "c++_step_by_step_2020"; sourceTree = BUILT_PRODUCTS_DIR; };
		B86BD56224D59B8D004C3D4D /* day01 */ = {isa = PBXFileReference; explicitFileType = "compiled.mach-o.executable"; includeInIndex = 0; path = day01; sourceTree = BUILT_PRODUCTS_DIR; };
		B86BD56424D59B8D004C3D4D /* main.cpp */ = {isa = PBXFileReference; lastKnownFileType = sourcecode.cpp.cpp; path = main.cpp; sourceTree = "<group>"; };
		B86BD56924D68A83004C3D4D /* math.c */ = {isa = PBXFileReference; lastKnownFileType = sourcecode.c.c; path = math.c; sourceTree = "<group>"; };
		B86BD56B24D68B5E004C3D4D /* math.h */ = {isa = PBXFileReference; lastKnownFileType = sourcecode.c.h; path = math.h; sourceTree = "<group>"; };
		B86BD56C24D691D7004C3D4D /* test.h */ = {isa = PBXFileReference; lastKnownFileType = sourcecode.c.h; path = test.h; sourceTree = "<group>"; };
		B86BD57124D70745004C3D4D /* day02 */ = {isa = PBXFileReference; explicitFileType = "compiled.mach-o.executable"; includeInIndex = 0; path = day02; sourceTree = BUILT_PRODUCTS_DIR; };
		B86BD57324D70745004C3D4D /* main.cpp */ = {isa = PBXFileReference; lastKnownFileType = sourcecode.cpp.cpp; path = main.cpp; sourceTree = "<group>"; };
/* End PBXFileReference section */

/* Begin PBXFrameworksBuildPhase section */
		B81109DA24DC5AEB00CFD7A2 /* Frameworks */ = {
			isa = PBXFrameworksBuildPhase;
			buildActionMask = 2147483647;
			files = (
			);
			runOnlyForDeploymentPostprocessing = 0;
		};
		B811A45224F804C00030DB2B /* Frameworks */ = {
			isa = PBXFrameworksBuildPhase;
			buildActionMask = 2147483647;
			files = (
			);
			runOnlyForDeploymentPostprocessing = 0;
		};
		B8122F7E24FD3D0E00AA8C78 /* Frameworks */ = {
			isa = PBXFrameworksBuildPhase;
			buildActionMask = 2147483647;
			files = (
			);
			runOnlyForDeploymentPostprocessing = 0;
		};
		B816B9FC24F40A710003F3A4 /* Frameworks */ = {
			isa = PBXFrameworksBuildPhase;
			buildActionMask = 2147483647;
			files = (
			);
			runOnlyForDeploymentPostprocessing = 0;
		};
		B840098424E971F400A41325 /* Frameworks */ = {
			isa = PBXFrameworksBuildPhase;
			buildActionMask = 2147483647;
			files = (
			);
			runOnlyForDeploymentPostprocessing = 0;
		};
		B85FACDD24E5942A00804C1C /* Frameworks */ = {
			isa = PBXFrameworksBuildPhase;
			buildActionMask = 2147483647;
			files = (
			);
			runOnlyForDeploymentPostprocessing = 0;
		};
		B860C28824E2F0AF00F7E252 /* Frameworks */ = {
			isa = PBXFrameworksBuildPhase;
			buildActionMask = 2147483647;
			files = (
			);
			runOnlyForDeploymentPostprocessing = 0;
		};
		B86BD55124D59B02004C3D4D /* Frameworks */ = {
			isa = PBXFrameworksBuildPhase;
			buildActionMask = 2147483647;
			files = (
			);
			runOnlyForDeploymentPostprocessing = 0;
		};
		B86BD55F24D59B8D004C3D4D /* Frameworks */ = {
			isa = PBXFrameworksBuildPhase;
			buildActionMask = 2147483647;
			files = (
			);
			runOnlyForDeploymentPostprocessing = 0;
		};
		B86BD56E24D70745004C3D4D /* Frameworks */ = {
			isa = PBXFrameworksBuildPhase;
			buildActionMask = 2147483647;
			files = (
			);
			runOnlyForDeploymentPostprocessing = 0;
		};
/* End PBXFrameworksBuildPhase section */

/* Begin PBXGroup section */
		B81109DE24DC5AEB00CFD7A2 /* day03 */ = {
			isa = PBXGroup;
			children = (
				B81109DF24DC5AEB00CFD7A2 /* main.cpp */,
			);
			path = day03;
			sourceTree = "<group>";
		};
		B811A45624F804C00030DB2B /* day08 */ = {
			isa = PBXGroup;
			children = (
				B811A45724F804C00030DB2B /* main.cpp */,
			);
			path = day08;
			sourceTree = "<group>";
		};
		B8122F8224FD3D0E00AA8C78 /* day09 */ = {
			isa = PBXGroup;
			children = (
				B8122F8324FD3D0E00AA8C78 /* main.cpp */,
			);
			path = day09;
			sourceTree = "<group>";
		};
		B816BA0024F40A710003F3A4 /* day07 */ = {
			isa = PBXGroup;
			children = (
				B816BA0124F40A710003F3A4 /* main.cpp */,
			);
			path = day07;
			sourceTree = "<group>";
		};
		B840098824E971F400A41325 /* day06 */ = {
			isa = PBXGroup;
			children = (
				B840098924E971F400A41325 /* main.cpp */,
			);
			path = day06;
			sourceTree = "<group>";
		};
		B85FACE124E5942A00804C1C /* day05 */ = {
			isa = PBXGroup;
			children = (
				B85FACE224E5942A00804C1C /* main.cpp */,
			);
			path = day05;
			sourceTree = "<group>";
		};
		B860C28C24E2F0AF00F7E252 /* day04 */ = {
			isa = PBXGroup;
			children = (
				B860C28D24E2F0AF00F7E252 /* main.cpp */,
			);
			path = day04;
			sourceTree = "<group>";
		};
		B86BD54B24D59B02004C3D4D = {
			isa = PBXGroup;
			children = (
				B86BD56324D59B8D004C3D4D /* day01 */,
				B86BD57224D70745004C3D4D /* day02 */,
				B81109DE24DC5AEB00CFD7A2 /* day03 */,
				B860C28C24E2F0AF00F7E252 /* day04 */,
				B85FACE124E5942A00804C1C /* day05 */,
				B840098824E971F400A41325 /* day06 */,
				B816BA0024F40A710003F3A4 /* day07 */,
				B811A45624F804C00030DB2B /* day08 */,
				B8122F8224FD3D0E00AA8C78 /* day09 */,
				B86BD55524D59B02004C3D4D /* Products */,
			);
			sourceTree = "<group>";
		};
		B86BD55524D59B02004C3D4D /* Products */ = {
			isa = PBXGroup;
			children = (
				B86BD55424D59B02004C3D4D /* c++_step_by_step_2020 */,
				B86BD56224D59B8D004C3D4D /* day01 */,
				B86BD57124D70745004C3D4D /* day02 */,
				B81109DD24DC5AEB00CFD7A2 /* day03 */,
				B860C28B24E2F0AF00F7E252 /* day04 */,
				B85FACE024E5942A00804C1C /* day05 */,
				B840098724E971F400A41325 /* day06 */,
				B816B9FF24F40A710003F3A4 /* day07 */,
				B811A45524F804C00030DB2B /* day08 */,
				B8122F8124FD3D0E00AA8C78 /* day09 */,
			);
			name = Products;
			sourceTree = "<group>";
		};
		B86BD56324D59B8D004C3D4D /* day01 */ = {
			isa = PBXGroup;
			children = (
				B86BD56424D59B8D004C3D4D /* main.cpp */,
				B86BD56924D68A83004C3D4D /* math.c */,
				B86BD56B24D68B5E004C3D4D /* math.h */,
				B86BD56C24D691D7004C3D4D /* test.h */,
			);
			path = day01;
			sourceTree = "<group>";
		};
		B86BD57224D70745004C3D4D /* day02 */ = {
			isa = PBXGroup;
			children = (
				B86BD57324D70745004C3D4D /* main.cpp */,
			);
			path = day02;
			sourceTree = "<group>";
		};
/* End PBXGroup section */

/* Begin PBXNativeTarget section */
		B81109DC24DC5AEB00CFD7A2 /* day03 */ = {
			isa = PBXNativeTarget;
			buildConfigurationList = B81109E324DC5AEB00CFD7A2 /* Build configuration list for PBXNativeTarget "day03" */;
			buildPhases = (
				B81109D924DC5AEB00CFD7A2 /* Sources */,
				B81109DA24DC5AEB00CFD7A2 /* Frameworks */,
				B81109DB24DC5AEB00CFD7A2 /* CopyFiles */,
			);
			buildRules = (
			);
			dependencies = (
			);
			name = day03;
			productName = day03;
			productReference = B81109DD24DC5AEB00CFD7A2 /* day03 */;
			productType = "com.apple.product-type.tool";
		};
		B811A45424F804C00030DB2B /* day08 */ = {
			isa = PBXNativeTarget;
			buildConfigurationList = B811A45B24F804C00030DB2B /* Build configuration list for PBXNativeTarget "day08" */;
			buildPhases = (
				B811A45124F804C00030DB2B /* Sources */,
				B811A45224F804C00030DB2B /* Frameworks */,
				B811A45324F804C00030DB2B /* CopyFiles */,
			);
			buildRules = (
			);
			dependencies = (
			);
			name = day08;
			productName = day08;
			productReference = B811A45524F804C00030DB2B /* day08 */;
			productType = "com.apple.product-type.tool";
		};
		B8122F8024FD3D0E00AA8C78 /* day09 */ = {
			isa = PBXNativeTarget;
			buildConfigurationList = B8122F8724FD3D0E00AA8C78 /* Build configuration list for PBXNativeTarget "day09" */;
			buildPhases = (
				B8122F7D24FD3D0E00AA8C78 /* Sources */,
				B8122F7E24FD3D0E00AA8C78 /* Frameworks */,
				B8122F7F24FD3D0E00AA8C78 /* CopyFiles */,
			);
			buildRules = (
			);
			dependencies = (
			);
			name = day09;
			productName = day09;
			productReference = B8122F8124FD3D0E00AA8C78 /* day09 */;
			productType = "com.apple.product-type.tool";
		};
		B816B9FE24F40A710003F3A4 /* day07 */ = {
			isa = PBXNativeTarget;
			buildConfigurationList = B816BA0524F40A710003F3A4 /* Build configuration list for PBXNativeTarget "day07" */;
			buildPhases = (
				B816B9FB24F40A710003F3A4 /* Sources */,
				B816B9FC24F40A710003F3A4 /* Frameworks */,
				B816B9FD24F40A710003F3A4 /* CopyFiles */,
			);
			buildRules = (
			);
			dependencies = (
			);
			name = day07;
			productName = day07;
			productReference = B816B9FF24F40A710003F3A4 /* day07 */;
			productType = "com.apple.product-type.tool";
		};
		B840098624E971F400A41325 /* day06 */ = {
			isa = PBXNativeTarget;
			buildConfigurationList = B840098D24E971F400A41325 /* Build configuration list for PBXNativeTarget "day06" */;
			buildPhases = (
				B840098324E971F400A41325 /* Sources */,
				B840098424E971F400A41325 /* Frameworks */,
				B840098524E971F400A41325 /* CopyFiles */,
			);
			buildRules = (
			);
			dependencies = (
			);
			name = day06;
			productName = day06;
			productReference = B840098724E971F400A41325 /* day06 */;
			productType = "com.apple.product-type.tool";
		};
		B85FACDF24E5942A00804C1C /* day05 */ = {
			isa = PBXNativeTarget;
			buildConfigurationList = B85FACE624E5942A00804C1C /* Build configuration list for PBXNativeTarget "day05" */;
			buildPhases = (
				B85FACDC24E5942A00804C1C /* Sources */,
				B85FACDD24E5942A00804C1C /* Frameworks */,
				B85FACDE24E5942A00804C1C /* CopyFiles */,
			);
			buildRules = (
			);
			dependencies = (
			);
			name = day05;
			productName = day05;
			productReference = B85FACE024E5942A00804C1C /* day05 */;
			productType = "com.apple.product-type.tool";
		};
		B860C28A24E2F0AF00F7E252 /* day04 */ = {
			isa = PBXNativeTarget;
			buildConfigurationList = B860C29124E2F0AF00F7E252 /* Build configuration list for PBXNativeTarget "day04" */;
			buildPhases = (
				B860C28724E2F0AF00F7E252 /* Sources */,
				B860C28824E2F0AF00F7E252 /* Frameworks */,
				B860C28924E2F0AF00F7E252 /* CopyFiles */,
			);
			buildRules = (
			);
			dependencies = (
			);
			name = day04;
			productName = day04;
			productReference = B860C28B24E2F0AF00F7E252 /* day04 */;
			productType = "com.apple.product-type.tool";
		};
		B86BD55324D59B02004C3D4D /* c++_step_by_step_2020 */ = {
			isa = PBXNativeTarget;
			buildConfigurationList = B86BD55B24D59B02004C3D4D /* Build configuration list for PBXNativeTarget "c++_step_by_step_2020" */;
			buildPhases = (
				B86BD55024D59B02004C3D4D /* Sources */,
				B86BD55124D59B02004C3D4D /* Frameworks */,
				B86BD55224D59B02004C3D4D /* CopyFiles */,
			);
			buildRules = (
			);
			dependencies = (
			);
			name = "c++_step_by_step_2020";
			productName = "c++_step_by_step_2020";
			productReference = B86BD55424D59B02004C3D4D /* c++_step_by_step_2020 */;
			productType = "com.apple.product-type.tool";
		};
		B86BD56124D59B8D004C3D4D /* day01 */ = {
			isa = PBXNativeTarget;
			buildConfigurationList = B86BD56624D59B8D004C3D4D /* Build configuration list for PBXNativeTarget "day01" */;
			buildPhases = (
				B86BD55E24D59B8D004C3D4D /* Sources */,
				B86BD55F24D59B8D004C3D4D /* Frameworks */,
				B86BD56024D59B8D004C3D4D /* CopyFiles */,
			);
			buildRules = (
			);
			dependencies = (
			);
			name = day01;
			productName = day01;
			productReference = B86BD56224D59B8D004C3D4D /* day01 */;
			productType = "com.apple.product-type.tool";
		};
		B86BD57024D70745004C3D4D /* day02 */ = {
			isa = PBXNativeTarget;
			buildConfigurationList = B86BD57524D70745004C3D4D /* Build configuration list for PBXNativeTarget "day02" */;
			buildPhases = (
				B86BD56D24D70745004C3D4D /* Sources */,
				B86BD56E24D70745004C3D4D /* Frameworks */,
				B86BD56F24D70745004C3D4D /* CopyFiles */,
			);
			buildRules = (
			);
			dependencies = (
			);
			name = day02;
			productName = day02;
			productReference = B86BD57124D70745004C3D4D /* day02 */;
			productType = "com.apple.product-type.tool";
		};
/* End PBXNativeTarget section */

/* Begin PBXProject section */
		B86BD54C24D59B02004C3D4D /* Project object */ = {
			isa = PBXProject;
			attributes = {
				LastUpgradeCheck = 1020;
				ORGANIZATIONNAME = none;
				TargetAttributes = {
					B81109DC24DC5AEB00CFD7A2 = {
						CreatedOnToolsVersion = 10.2.1;
					};
					B811A45424F804C00030DB2B = {
						CreatedOnToolsVersion = 10.2.1;
					};
					B8122F8024FD3D0E00AA8C78 = {
						CreatedOnToolsVersion = 10.2.1;
					};
					B816B9FE24F40A710003F3A4 = {
						CreatedOnToolsVersion = 10.2.1;
					};
					B840098624E971F400A41325 = {
						CreatedOnToolsVersion = 10.2.1;
					};
					B85FACDF24E5942A00804C1C = {
						CreatedOnToolsVersion = 10.2.1;
					};
					B860C28A24E2F0AF00F7E252 = {
						CreatedOnToolsVersion = 10.2.1;
					};
					B86BD55324D59B02004C3D4D = {
						CreatedOnToolsVersion = 10.2.1;
					};
					B86BD56124D59B8D004C3D4D = {
						CreatedOnToolsVersion = 10.2.1;
					};
					B86BD57024D70745004C3D4D = {
						CreatedOnToolsVersion = 10.2.1;
					};
				};
			};
			buildConfigurationList = B86BD54F24D59B02004C3D4D /* Build configuration list for PBXProject "c++_step_by_step_2020" */;
			compatibilityVersion = "Xcode 9.3";
			developmentRegion = en;
			hasScannedForEncodings = 0;
			knownRegions = (
				en,
			);
			mainGroup = B86BD54B24D59B02004C3D4D;
			productRefGroup = B86BD55524D59B02004C3D4D /* Products */;
			projectDirPath = "";
			projectRoot = "";
			targets = (
				B86BD55324D59B02004C3D4D /* c++_step_by_step_2020 */,
				B86BD56124D59B8D004C3D4D /* day01 */,
				B86BD57024D70745004C3D4D /* day02 */,
				B81109DC24DC5AEB00CFD7A2 /* day03 */,
				B860C28A24E2F0AF00F7E252 /* day04 */,
				B85FACDF24E5942A00804C1C /* day05 */,
				B840098624E971F400A41325 /* day06 */,
				B816B9FE24F40A710003F3A4 /* day07 */,
				B811A45424F804C00030DB2B /* day08 */,
				B8122F8024FD3D0E00AA8C78 /* day09 */,
			);
		};
/* End PBXProject section */

/* Begin PBXSourcesBuildPhase section */
		B81109D924DC5AEB00CFD7A2 /* Sources */ = {
			isa = PBXSourcesBuildPhase;
			buildActionMask = 2147483647;
			files = (
				B81109E024DC5AEB00CFD7A2 /* main.cpp in Sources */,
			);
			runOnlyForDeploymentPostprocessing = 0;
		};
		B811A45124F804C00030DB2B /* Sources */ = {
			isa = PBXSourcesBuildPhase;
			buildActionMask = 2147483647;
			files = (
				B811A45824F804C00030DB2B /* main.cpp in Sources */,
			);
			runOnlyForDeploymentPostprocessing = 0;
		};
		B8122F7D24FD3D0E00AA8C78 /* Sources */ = {
			isa = PBXSourcesBuildPhase;
			buildActionMask = 2147483647;
			files = (
				B8122F8424FD3D0E00AA8C78 /* main.cpp in Sources */,
			);
			runOnlyForDeploymentPostprocessing = 0;
		};
		B816B9FB24F40A710003F3A4 /* Sources */ = {
			isa = PBXSourcesBuildPhase;
			buildActionMask = 2147483647;
			files = (
				B816BA0224F40A710003F3A4 /* main.cpp in Sources */,
			);
			runOnlyForDeploymentPostprocessing = 0;
		};
		B840098324E971F400A41325 /* Sources */ = {
			isa = PBXSourcesBuildPhase;
			buildActionMask = 2147483647;
			files = (
				B840098A24E971F400A41325 /* main.cpp in Sources */,
			);
			runOnlyForDeploymentPostprocessing = 0;
		};
		B85FACDC24E5942A00804C1C /* Sources */ = {
			isa = PBXSourcesBuildPhase;
			buildActionMask = 2147483647;
			files = (
				B85FACE324E5942A00804C1C /* main.cpp in Sources */,
			);
			runOnlyForDeploymentPostprocessing = 0;
		};
		B860C28724E2F0AF00F7E252 /* Sources */ = {
			isa = PBXSourcesBuildPhase;
			buildActionMask = 2147483647;
			files = (
				B860C28E24E2F0AF00F7E252 /* main.cpp in Sources */,
			);
			runOnlyForDeploymentPostprocessing = 0;
		};
		B86BD55024D59B02004C3D4D /* Sources */ = {
			isa = PBXSourcesBuildPhase;
			buildActionMask = 2147483647;
			files = (
			);
			runOnlyForDeploymentPostprocessing = 0;
		};
		B86BD55E24D59B8D004C3D4D /* Sources */ = {
			isa = PBXSourcesBuildPhase;
			buildActionMask = 2147483647;
			files = (
				B86BD56524D59B8D004C3D4D /* main.cpp in Sources */,
				B86BD56A24D68A83004C3D4D /* math.c in Sources */,
			);
			runOnlyForDeploymentPostprocessing = 0;
		};
		B86BD56D24D70745004C3D4D /* Sources */ = {
			isa = PBXSourcesBuildPhase;
			buildActionMask = 2147483647;
			files = (
				B86BD57424D70745004C3D4D /* main.cpp in Sources */,
			);
			runOnlyForDeploymentPostprocessing = 0;
		};
/* End PBXSourcesBuildPhase section */

/* Begin XCBuildConfiguration section */
		B81109E124DC5AEB00CFD7A2 /* Debug */ = {
			isa = XCBuildConfiguration;
			buildSettings = {
				CODE_SIGN_STYLE = Automatic;
				DEVELOPMENT_TEAM = U9A585N65C;
				PRODUCT_NAME = "$(TARGET_NAME)";
			};
			name = Debug;
		};
		B81109E224DC5AEB00CFD7A2 /* Release */ = {
			isa = XCBuildConfiguration;
			buildSettings = {
				CODE_SIGN_STYLE = Automatic;
				DEVELOPMENT_TEAM = U9A585N65C;
				PRODUCT_NAME = "$(TARGET_NAME)";
			};
			name = Release;
		};
		B811A45924F804C00030DB2B /* Debug */ = {
			isa = XCBuildConfiguration;
			buildSettings = {
				CODE_SIGN_STYLE = Automatic;
				DEVELOPMENT_TEAM = U9A585N65C;
				PRODUCT_NAME = "$(TARGET_NAME)";
			};
			name = Debug;
		};
		B811A45A24F804C00030DB2B /* Release */ = {
			isa = XCBuildConfiguration;
			buildSettings = {
				CODE_SIGN_STYLE = Automatic;
				DEVELOPMENT_TEAM = U9A585N65C;
				PRODUCT_NAME = "$(TARGET_NAME)";
			};
			name = Release;
		};
		B8122F8524FD3D0E00AA8C78 /* Debug */ = {
			isa = XCBuildConfiguration;
			buildSettings = {
				CODE_SIGN_STYLE = Automatic;
				DEVELOPMENT_TEAM = U9A585N65C;
				PRODUCT_NAME = "$(TARGET_NAME)";
			};
			name = Debug;
		};
		B8122F8624FD3D0E00AA8C78 /* Release */ = {
			isa = XCBuildConfiguration;
			buildSettings = {
				CODE_SIGN_STYLE = Automatic;
				DEVELOPMENT_TEAM = U9A585N65C;
				PRODUCT_NAME = "$(TARGET_NAME)";
			};
			name = Release;
		};
		B816BA0324F40A710003F3A4 /* Debug */ = {
			isa = XCBuildConfiguration;
			buildSettings = {
				CODE_SIGN_STYLE = Automatic;
				DEVELOPMENT_TEAM = U9A585N65C;
				PRODUCT_NAME = "$(TARGET_NAME)";
			};
			name = Debug;
		};
		B816BA0424F40A710003F3A4 /* Release */ = {
			isa = XCBuildConfiguration;
			buildSettings = {
				CODE_SIGN_STYLE = Automatic;
				DEVELOPMENT_TEAM = U9A585N65C;
				PRODUCT_NAME = "$(TARGET_NAME)";
			};
			name = Release;
		};
		B840098B24E971F400A41325 /* Debug */ = {
			isa = XCBuildConfiguration;
			buildSettings = {
				CODE_SIGN_STYLE = Automatic;
				DEVELOPMENT_TEAM = U9A585N65C;
				PRODUCT_NAME = "$(TARGET_NAME)";
			};
			name = Debug;
		};
		B840098C24E971F400A41325 /* Release */ = {
			isa = XCBuildConfiguration;
			buildSettings = {
				CODE_SIGN_STYLE = Automatic;
				DEVELOPMENT_TEAM = U9A585N65C;
				PRODUCT_NAME = "$(TARGET_NAME)";
			};
			name = Release;
		};
		B85FACE424E5942A00804C1C /* Debug */ = {
			isa = XCBuildConfiguration;
			buildSettings = {
				CODE_SIGN_STYLE = Automatic;
				DEVELOPMENT_TEAM = U9A585N65C;
				PRODUCT_NAME = "$(TARGET_NAME)";
			};
			name = Debug;
		};
		B85FACE524E5942A00804C1C /* Release */ = {
			isa = XCBuildConfiguration;
			buildSettings = {
				CODE_SIGN_STYLE = Automatic;
				DEVELOPMENT_TEAM = U9A585N65C;
				PRODUCT_NAME = "$(TARGET_NAME)";
			};
			name = Release;
		};
		B860C28F24E2F0AF00F7E252 /* Debug */ = {
			isa = XCBuildConfiguration;
			buildSettings = {
				CODE_SIGN_STYLE = Automatic;
				DEVELOPMENT_TEAM = U9A585N65C;
				PRODUCT_NAME = "$(TARGET_NAME)";
			};
			name = Debug;
		};
		B860C29024E2F0AF00F7E252 /* Release */ = {
			isa = XCBuildConfiguration;
			buildSettings = {
				CODE_SIGN_STYLE = Automatic;
				DEVELOPMENT_TEAM = U9A585N65C;
				PRODUCT_NAME = "$(TARGET_NAME)";
			};
			name = Release;
		};
		B86BD55924D59B02004C3D4D /* Debug */ = {
			isa = XCBuildConfiguration;
			buildSettings = {
				ALWAYS_SEARCH_USER_PATHS = NO;
				CLANG_ANALYZER_NONNULL = YES;
				CLANG_ANALYZER_NUMBER_OBJECT_CONVERSION = YES_AGGRESSIVE;
				CLANG_CXX_LANGUAGE_STANDARD = "gnu++14";
				CLANG_CXX_LIBRARY = "libc++";
				CLANG_ENABLE_MODULES = YES;
				CLANG_ENABLE_OBJC_ARC = YES;
				CLANG_ENABLE_OBJC_WEAK = YES;
				CLANG_WARN_BLOCK_CAPTURE_AUTORELEASING = YES;
				CLANG_WARN_BOOL_CONVERSION = YES;
				CLANG_WARN_COMMA = YES;
				CLANG_WARN_CONSTANT_CONVERSION = YES;
				CLANG_WARN_DEPRECATED_OBJC_IMPLEMENTATIONS = YES;
				CLANG_WARN_DIRECT_OBJC_ISA_USAGE = YES_ERROR;
				CLANG_WARN_DOCUMENTATION_COMMENTS = YES;
				CLANG_WARN_EMPTY_BODY = YES;
				CLANG_WARN_ENUM_CONVERSION = YES;
				CLANG_WARN_INFINITE_RECURSION = YES;
				CLANG_WARN_INT_CONVERSION = YES;
				CLANG_WARN_NON_LITERAL_NULL_CONVERSION = YES;
				CLANG_WARN_OBJC_IMPLICIT_RETAIN_SELF = YES;
				CLANG_WARN_OBJC_LITERAL_CONVERSION = YES;
				CLANG_WARN_OBJC_ROOT_CLASS = YES_ERROR;
				CLANG_WARN_RANGE_LOOP_ANALYSIS = YES;
				CLANG_WARN_STRICT_PROTOTYPES = YES;
				CLANG_WARN_SUSPICIOUS_MOVE = YES;
				CLANG_WARN_UNGUARDED_AVAILABILITY = YES_AGGRESSIVE;
				CLANG_WARN_UNREACHABLE_CODE = YES;
				CLANG_WARN__DUPLICATE_METHOD_MATCH = YES;
				CODE_SIGN_IDENTITY = "Mac Developer";
				COPY_PHASE_STRIP = NO;
				DEBUG_INFORMATION_FORMAT = dwarf;
				ENABLE_STRICT_OBJC_MSGSEND = YES;
				ENABLE_TESTABILITY = YES;
				GCC_C_LANGUAGE_STANDARD = gnu11;
				GCC_DYNAMIC_NO_PIC = NO;
				GCC_NO_COMMON_BLOCKS = YES;
				GCC_OPTIMIZATION_LEVEL = 0;
				GCC_PREPROCESSOR_DEFINITIONS = (
					"DEBUG=1",
					"$(inherited)",
				);
				GCC_WARN_64_TO_32_BIT_CONVERSION = YES;
				GCC_WARN_ABOUT_RETURN_TYPE = YES_ERROR;
				GCC_WARN_UNDECLARED_SELECTOR = YES;
				GCC_WARN_UNINITIALIZED_AUTOS = YES_AGGRESSIVE;
				GCC_WARN_UNUSED_FUNCTION = YES;
				GCC_WARN_UNUSED_VARIABLE = YES;
				MACOSX_DEPLOYMENT_TARGET = 10.14;
				MTL_ENABLE_DEBUG_INFO = INCLUDE_SOURCE;
				MTL_FAST_MATH = YES;
				ONLY_ACTIVE_ARCH = YES;
				SDKROOT = macosx;
			};
			name = Debug;
		};
		B86BD55A24D59B02004C3D4D /* Release */ = {
			isa = XCBuildConfiguration;
			buildSettings = {
				ALWAYS_SEARCH_USER_PATHS = NO;
				CLANG_ANALYZER_NONNULL = YES;
				CLANG_ANALYZER_NUMBER_OBJECT_CONVERSION = YES_AGGRESSIVE;
				CLANG_CXX_LANGUAGE_STANDARD = "gnu++14";
				CLANG_CXX_LIBRARY = "libc++";
				CLANG_ENABLE_MODULES = YES;
				CLANG_ENABLE_OBJC_ARC = YES;
				CLANG_ENABLE_OBJC_WEAK = YES;
				CLANG_WARN_BLOCK_CAPTURE_AUTORELEASING = YES;
				CLANG_WARN_BOOL_CONVERSION = YES;
				CLANG_WARN_COMMA = YES;
				CLANG_WARN_CONSTANT_CONVERSION = YES;
				CLANG_WARN_DEPRECATED_OBJC_IMPLEMENTATIONS = YES;
				CLANG_WARN_DIRECT_OBJC_ISA_USAGE = YES_ERROR;
				CLANG_WARN_DOCUMENTATION_COMMENTS = YES;
				CLANG_WARN_EMPTY_BODY = YES;
				CLANG_WARN_ENUM_CONVERSION = YES;
				CLANG_WARN_INFINITE_RECURSION = YES;
				CLANG_WARN_INT_CONVERSION = YES;
				CLANG_WARN_NON_LITERAL_NULL_CONVERSION = YES;
				CLANG_WARN_OBJC_IMPLICIT_RETAIN_SELF = YES;
				CLANG_WARN_OBJC_LITERAL_CONVERSION = YES;
				CLANG_WARN_OBJC_ROOT_CLASS = YES_ERROR;
				CLANG_WARN_RANGE_LOOP_ANALYSIS = YES;
				CLANG_WARN_STRICT_PROTOTYPES = YES;
				CLANG_WARN_SUSPICIOUS_MOVE = YES;
				CLANG_WARN_UNGUARDED_AVAILABILITY = YES_AGGRESSIVE;
				CLANG_WARN_UNREACHABLE_CODE = YES;
				CLANG_WARN__DUPLICATE_METHOD_MATCH = YES;
				CODE_SIGN_IDENTITY = "Mac Developer";
				COPY_PHASE_STRIP = NO;
				DEBUG_INFORMATION_FORMAT = "dwarf-with-dsym";
				ENABLE_NS_ASSERTIONS = NO;
				ENABLE_STRICT_OBJC_MSGSEND = YES;
				GCC_C_LANGUAGE_STANDARD = gnu11;
				GCC_NO_COMMON_BLOCKS = YES;
				GCC_WARN_64_TO_32_BIT_CONVERSION = YES;
				GCC_WARN_ABOUT_RETURN_TYPE = YES_ERROR;
				GCC_WARN_UNDECLARED_SELECTOR = YES;
				GCC_WARN_UNINITIALIZED_AUTOS = YES_AGGRESSIVE;
				GCC_WARN_UNUSED_FUNCTION = YES;
				GCC_WARN_UNUSED_VARIABLE = YES;
				MACOSX_DEPLOYMENT_TARGET = 10.14;
				MTL_ENABLE_DEBUG_INFO = NO;
				MTL_FAST_MATH = YES;
				SDKROOT = macosx;
			};
			name = Release;
		};
		B86BD55C24D59B02004C3D4D /* Debug */ = {
			isa = XCBuildConfiguration;
			buildSettings = {
				CODE_SIGN_STYLE = Automatic;
				DEVELOPMENT_TEAM = U9A585N65C;
				PRODUCT_NAME = "$(TARGET_NAME)";
			};
			name = Debug;
		};
		B86BD55D24D59B02004C3D4D /* Release */ = {
			isa = XCBuildConfiguration;
			buildSettings = {
				CODE_SIGN_STYLE = Automatic;
				DEVELOPMENT_TEAM = U9A585N65C;
				PRODUCT_NAME = "$(TARGET_NAME)";
			};
			name = Release;
		};
		B86BD56724D59B8D004C3D4D /* Debug */ = {
			isa = XCBuildConfiguration;
			buildSettings = {
				CODE_SIGN_STYLE = Automatic;
				DEVELOPMENT_TEAM = U9A585N65C;
				PRODUCT_NAME = "$(TARGET_NAME)";
			};
			name = Debug;
		};
		B86BD56824D59B8D004C3D4D /* Release */ = {
			isa = XCBuildConfiguration;
			buildSettings = {
				CODE_SIGN_STYLE = Automatic;
				DEVELOPMENT_TEAM = U9A585N65C;
				PRODUCT_NAME = "$(TARGET_NAME)";
			};
			name = Release;
		};
		B86BD57624D70745004C3D4D /* Debug */ = {
			isa = XCBuildConfiguration;
			buildSettings = {
				CODE_SIGN_STYLE = Automatic;
				DEVELOPMENT_TEAM = U9A585N65C;
				PRODUCT_NAME = "$(TARGET_NAME)";
			};
			name = Debug;
		};
		B86BD57724D70745004C3D4D /* Release */ = {
			isa = XCBuildConfiguration;
			buildSettings = {
				CODE_SIGN_STYLE = Automatic;
				DEVELOPMENT_TEAM = U9A585N65C;
				PRODUCT_NAME = "$(TARGET_NAME)";
			};
			name = Release;
		};
/* End XCBuildConfiguration section */

/* Begin XCConfigurationList section */
		B81109E324DC5AEB00CFD7A2 /* Build configuration list for PBXNativeTarget "day03" */ = {
			isa = XCConfigurationList;
			buildConfigurations = (
				B81109E124DC5AEB00CFD7A2 /* Debug */,
				B81109E224DC5AEB00CFD7A2 /* Release */,
			);
			defaultConfigurationIsVisible = 0;
			defaultConfigurationName = Release;
		};
		B811A45B24F804C00030DB2B /* Build configuration list for PBXNativeTarget "day08" */ = {
			isa = XCConfigurationList;
			buildConfigurations = (
				B811A45924F804C00030DB2B /* Debug */,
				B811A45A24F804C00030DB2B /* Release */,
			);
			defaultConfigurationIsVisible = 0;
			defaultConfigurationName = Release;
		};
		B8122F8724FD3D0E00AA8C78 /* Build configuration list for PBXNativeTarget "day09" */ = {
			isa = XCConfigurationList;
			buildConfigurations = (
				B8122F8524FD3D0E00AA8C78 /* Debug */,
				B8122F8624FD3D0E00AA8C78 /* Release */,
			);
			defaultConfigurationIsVisible = 0;
			defaultConfigurationName = Release;
		};
		B816BA0524F40A710003F3A4 /* Build configuration list for PBXNativeTarget "day07" */ = {
			isa = XCConfigurationList;
			buildConfigurations = (
				B816BA0324F40A710003F3A4 /* Debug */,
				B816BA0424F40A710003F3A4 /* Release */,
			);
			defaultConfigurationIsVisible = 0;
			defaultConfigurationName = Release;
		};
		B840098D24E971F400A41325 /* Build configuration list for PBXNativeTarget "day06" */ = {
			isa = XCConfigurationList;
			buildConfigurations = (
				B840098B24E971F400A41325 /* Debug */,
				B840098C24E971F400A41325 /* Release */,
			);
			defaultConfigurationIsVisible = 0;
			defaultConfigurationName = Release;
		};
		B85FACE624E5942A00804C1C /* Build configuration list for PBXNativeTarget "day05" */ = {
			isa = XCConfigurationList;
			buildConfigurations = (
				B85FACE424E5942A00804C1C /* Debug */,
				B85FACE524E5942A00804C1C /* Release */,
			);
			defaultConfigurationIsVisible = 0;
			defaultConfigurationName = Release;
		};
		B860C29124E2F0AF00F7E252 /* Build configuration list for PBXNativeTarget "day04" */ = {
			isa = XCConfigurationList;
			buildConfigurations = (
				B860C28F24E2F0AF00F7E252 /* Debug */,
				B860C29024E2F0AF00F7E252 /* Release */,
			);
			defaultConfigurationIsVisible = 0;
			defaultConfigurationName = Release;
		};
		B86BD54F24D59B02004C3D4D /* Build configuration list for PBXProject "c++_step_by_step_2020" */ = {
			isa = XCConfigurationList;
			buildConfigurations = (
				B86BD55924D59B02004C3D4D /* Debug */,
				B86BD55A24D59B02004C3D4D /* Release */,
			);
			defaultConfigurationIsVisible = 0;
			defaultConfigurationName = Release;
		};
		B86BD55B24D59B02004C3D4D /* Build configuration list for PBXNativeTarget "c++_step_by_step_2020" */ = {
			isa = XCConfigurationList;
			buildConfigurations = (
				B86BD55C24D59B02004C3D4D /* Debug */,
				B86BD55D24D59B02004C3D4D /* Release */,
			);
			defaultConfigurationIsVisible = 0;
			defaultConfigurationName = Release;
		};
		B86BD56624D59B8D004C3D4D /* Build configuration list for PBXNativeTarget "day01" */ = {
			isa = XCConfigurationList;
			buildConfigurations = (
				B86BD56724D59B8D004C3D4D /* Debug */,
				B86BD56824D59B8D004C3D4D /* Release */,
			);
			defaultConfigurationIsVisible = 0;
			defaultConfigurationName = Release;
		};
		B86BD57524D70745004C3D4D /* Build configuration list for PBXNativeTarget "day02" */ = {
			isa = XCConfigurationList;
			buildConfigurations = (
				B86BD57624D70745004C3D4D /* Debug */,
				B86BD57724D70745004C3D4D /* Release */,
			);
			defaultConfigurationIsVisible = 0;
			defaultConfigurationName = Release;
		};
/* End XCConfigurationList section */
	};
	rootObject = B86BD54C24D59B02004C3D4D /* Project object */;
}
